
Microsoft Visual Studio Solution File, Format Version 11.00
# Visual Studio 2010
Project("{8BC9CEB8-8B4A-11D0-8D11-00A0C91BC942}") = "Alienation", "Alienation.vcxproj", "{544B6DD5-6E9B-4237-8607-AF982C5345EB}"
EndProject
Global
	GlobalSection(SolutionConfigurationPlatforms) = preSolution
		Debug|Win32 = Debug|Win32
		Release|Win32 = Release|Win32
	EndGlobalSection
	GlobalSection(ProjectConfigurationPlatforms) = postSolution
		{544B6DD5-6E9B-4237-8607-AF982C5345EB}.Debug|Win32.ActiveCfg = Debug|Win32
		{544B6DD5-6E9B-4237-8607-AF982C5345EB}.Debug|Win32.Build.0 = Debug|Win32
		{544B6DD5-6E9B-4237-8607-AF982C5345EB}.Release|Win32.ActiveCfg = Release|Win32
		{544B6DD5-6E9B-4237-8607-AF982C5345EB}.Release|Win32.Build.0 = Release|Win32
	EndGlobalSection
	GlobalSection(SolutionProperties) = preSolution
		HideSolutionNode = FALSE
	EndGlobalSection
EndGlobal
